
Microsoft Visual Studio Solution File, Format Version 12.00
# Visual Studio Version 17
VisualStudioVersion = 17.14.37614.0 d17.14
MinimumVisualStudioVersion = 10.0.40219.1
Project("{8BC9CEB8-8B4A-11D0-8D11-00A0C91BC942}") = "lr3DZ", "lr3DZ\lr3DZ.vcxproj", "{1C370734-92F8-4EB8-8257-66CF29A23E2E}"
EndProject
Global
	GlobalSection(SolutionConfigurationPlatforms) = preSolution
		Debug|x64 = Debug|x64
		Debug|x86 = Debug|x86
		Release|x64 = Release|x64
		Release|x86 = Release|x86
	EndGlobalSection
	GlobalSection(ProjectConfigurationPlatforms) = postSolution
		{1C370734-92F8-4EB8-8257-66CF29A23E2E}.Debug|x64.ActiveCfg = Debug|x64
		{1C370734-92F8-4EB8-8257-66CF29A23E2E}.Debug|x64.Build.0 = Debug|x64
		{1C370734-92F8-4EB8-8257-66CF29A23E2E}.Debug|x86.ActiveCfg = Debug|Win32
		{1C370734-92F8-4EB8-8257-66CF29A23E2E}.Debug|x86.Build.0 = Debug|Win32
		{1C370734-92F8-4EB8-8257-66CF29A23E2E}.Release|x64.ActiveCfg = Release|x64
		{1C370734-92F8-4EB8-8257-66CF29A23E2E}.Release|x64.Build.0 = Release|x64
		{1C370734-92F8-4EB8-8257-66CF29A23E2E}.Release|x86.ActiveCfg = Release|Win32
		{1C370734-92F8-4EB8-8257-66CF29A23E2E}.Release|x86.Build.0 = Release|Win32
	EndGlobalSection
	GlobalSection(SolutionProperties) = preSolution
		HideSolutionNode = FALSE
	EndGlobalSection
	GlobalSection(ExtensibilityGlobals) = postSolution
		SolutionGuid = {BF06F234-C8A3-4EB8-BDD7-E5AED5C737A2}
	EndGlobalSection
EndGlobal
